
Microsoft Visual Studio Solution File, Format Version 12.00
# Visual Studio Version 16
VisualStudioVersion = 16.0.34301.259
MinimumVisualStudioVersion = 10.0.40219.1
Project("{FAE04EC0-301F-11D3-BF4B-00C04F79EFBC}") = "QuerietorTopObject", "QuerietorTopObject\QuerietorTopObject.csproj", "{23C2218D-AC3D-465E-9767-1FFD1BFFF306}"
EndProject
Project("{FAE04EC0-301F-11D3-BF4B-00C04F79EFBC}") = "EjemploClassLib", "EjemploClassLib\EjemploClassLib.csproj", "{608FDD15-27F9-464C-A748-F293881A9438}"
EndProject
Global
	GlobalSection(SolutionConfigurationPlatforms) = preSolution
		Debug|Any CPU = Debug|Any CPU
		Release|Any CPU = Release|Any CPU
	EndGlobalSection
	GlobalSection(ProjectConfigurationPlatforms) = postSolution
		{23C2218D-AC3D-465E-9767-1FFD1BFFF306}.Debug|Any CPU.ActiveCfg = Debug|Any CPU
		{23C2218D-AC3D-465E-9767-1FFD1BFFF306}.Debug|Any CPU.Build.0 = Debug|Any CPU
		{23C2218D-AC3D-465E-9767-1FFD1BFFF306}.Release|Any CPU.ActiveCfg = Release|Any CPU
		{23C2218D-AC3D-465E-9767-1FFD1BFFF306}.Release|Any CPU.Build.0 = Release|Any CPU
		{608FDD15-27F9-464C-A748-F293881A9438}.Debug|Any CPU.ActiveCfg = Debug|Any CPU
		{608FDD15-27F9-464C-A748-F293881A9438}.Debug|Any CPU.Build.0 = Debug|Any CPU
		{608FDD15-27F9-464C-A748-F293881A9438}.Release|Any CPU.ActiveCfg = Release|Any CPU
		{608FDD15-27F9-464C-A748-F293881A9438}.Release|Any CPU.Build.0 = Release|Any CPU
	EndGlobalSection
	GlobalSection(SolutionProperties) = preSolution
		HideSolutionNode = FALSE
	EndGlobalSection
	GlobalSection(ExtensibilityGlobals) = postSolution
		SolutionGuid = {56F74E6D-58B0-4AC9-B8A1-D91C56EE1A80}
	EndGlobalSection
EndGlobal
